// !$*UTF8*$!
{
	archiveVersion = 1;
	classes = {
	};
	objectVersion = 46;
	objects = {

/* Begin PBXBuildFile section */
		6F3A579718B35AEF000FFF7F /* Foundation.framework in Frameworks */ = {isa = PBXBuildFile; fileRef = 6F3A579618B35AEF000FFF7F /* Foundation.framework */; };
		6F3A579918B35AEF000FFF7F /* CoreGraphics.framework in Frameworks */ = {isa = PBXBuildFile; fileRef = 6F3A579818B35AEF000FFF7F /* CoreGraphics.framework */; };
		6F3A579B18B35AEF000FFF7F /* UIKit.framework in Frameworks */ = {isa = PBXBuildFile; fileRef = 6F3A579A18B35AEF000FFF7F /* UIKit.framework */; };
		6F3A57A118B35AEF000FFF7F /* InfoPlist.strings in Resources */ = {isa = PBXBuildFile; fileRef = 6F3A579F18B35AEF000FFF7F /* InfoPlist.strings */; };
		6F3A57A318B35AEF000FFF7F /* main.m in Sources */ = {isa = PBXBuildFile; fileRef = 6F3A57A218B35AEF000FFF7F /* main.m */; };
		6F3A57A718B35AEF000FFF7F /* AppDelegate.m in Sources */ = {isa = PBXBuildFile; fileRef = 6F3A57A618B35AEF000FFF7F /* AppDelegate.m */; };
		6F3A57AA18B35AEF000FFF7F /* Main.storyboard in Resources */ = {isa = PBXBuildFile; fileRef = 6F3A57A818B35AEF000FFF7F /* Main.storyboard */; };
		6F3A57AD18B35AEF000FFF7F /* ViewController.m in Sources */ = {isa = PBXBuildFile; fileRef = 6F3A57AC18B35AEF000FFF7F /* ViewController.m */; };
		6F3A57AF18B35AEF000FFF7F /* Images.xcassets in Resources */ = {isa = PBXBuildFile; fileRef = 6F3A57AE18B35AEF000FFF7F /* Images.xcassets */; };
		6F3A57B618B35AEF000FFF7F /* XCTest.framework in Frameworks */ = {isa = PBXBuildFile; fileRef = 6F3A57B518B35AEF000FFF7F /* XCTest.framework */; };
		6F3A57B718B35AEF000FFF7F /* Foundation.framework in Frameworks */ = {isa = PBXBuildFile; fileRef = 6F3A579618B35AEF000FFF7F /* Foundation.framework */; };
		6F3A57B818B35AEF000FFF7F /* UIKit.framework in Frameworks */ = {isa = PBXBuildFile; fileRef = 6F3A579A18B35AEF000FFF7F /* UIKit.framework */; };
		6F3A57C018B35AEF000FFF7F /* InfoPlist.strings in Resources */ = {isa = PBXBuildFile; fileRef = 6F3A57BE18B35AEF000FFF7F /* InfoPlist.strings */; };
		6F3A57C218B35AEF000FFF7F /* TouchExplorerTests.m in Sources */ = {isa = PBXBuildFile; fileRef = 6F3A57C118B35AEF000FFF7F /* TouchExplorerTests.m */; };
/* End PBXBuildFile section */

/* Begin PBXContainerItemProxy section */
		6F3A57B918B35AEF000FFF7F /* PBXContainerItemProxy */ = {
			isa = PBXContainerItemProxy;
			containerPortal = 6F3A578B18B35AEF000FFF7F /* Project object */;
			proxyType = 1;
			remoteGlobalIDString = 6F3A579218B35AEF000FFF7F;
			remoteInfo = TouchExplorer;
		};
/* End PBXContainerItemProxy section */

/* Begin PBXFileReference section */
		6F3A579318B35AEF000FFF7F /* TouchExplorer.app */ = {isa = PBXFileReference; explicitFileType = wrapper.application; includeInIndex = 0; path = TouchExplorer.app; sourceTree = BUILT_PRODUCTS_DIR; };
		6F3A579618B35AEF000FFF7F /* Foundation.framework */ = {isa = PBXFileReference; lastKnownFileType = wrapper.framework; name = Foundation.framework; path = System/Library/Frameworks/Foundation.framework; sourceTree = SDKROOT; };
		6F3A579818B35AEF000FFF7F /* CoreGraphics.framework */ = {isa = PBXFileReference; lastKnownFileType = wrapper.framework; name = CoreGraphics.framework; path = System/Library/Frameworks/CoreGraphics.framework; sourceTree = SDKROOT; };
		6F3A579A18B35AEF000FFF7F /* UIKit.framework */ = {isa = PBXFileReference; lastKnownFileType = wrapper.framework; name = UIKit.framework; path = System/Library/Frameworks/UIKit.framework; sourceTree = SDKROOT; };
		6F3A579E18B35AEF000FFF7F /* TouchExplorer-Info.plist */ = {isa = PBXFileReference; lastKnownFileType = text.plist.xml; path = "TouchExplorer-Info.plist"; sourceTree = "<group>"; };
		6F3A57A018B35AEF000FFF7F /* en */ = {isa = PBXFileReference; lastKnownFileType = text.plist.strings; name = en; path = en.lproj/InfoPlist.strings; sourceTree = "<group>"; };
		6F3A57A218B35AEF000FFF7F /* main.m */ = {isa = PBXFileReference; lastKnownFileType = sourcecode.c.objc; path = main.m; sourceTree = "<group>"; };
		6F3A57A418B35AEF000FFF7F /* TouchExplorer-Prefix.pch */ = {isa = PBXFileReference; lastKnownFileType = sourcecode.c.h; path = "TouchExplorer-Prefix.pch"; sourceTree = "<group>"; };
		6F3A57A518B35AEF000FFF7F /* AppDelegate.h */ = {isa = PBXFileReference; lastKnownFileType = sourcecode.c.h; path = AppDelegate.h; sourceTree = "<group>"; };
		6F3A57A618B35AEF000FFF7F /* AppDelegate.m */ = {isa = PBXFileReference; lastKnownFileType = sourcecode.c.objc; path = AppDelegate.m; sourceTree = "<group>"; };
		6F3A57A918B35AEF000FFF7F /* Base */ = {isa = PBXFileReference; lastKnownFileType = file.storyboard; name = Base; path = Base.lproj/Main.storyboard; sourceTree = "<group>"; };
		6F3A57AB18B35AEF000FFF7F /* ViewController.h */ = {isa = PBXFileReference; lastKnownFileType = sourcecode.c.h; path = ViewController.h; sourceTree = "<group>"; };
		6F3A57AC18B35AEF000FFF7F /* ViewController.m */ = {isa = PBXFileReference; lastKnownFileType = sourcecode.c.objc; path = ViewController.m; sourceTree = "<group>"; };
		6F3A57AE18B35AEF000FFF7F /* Images.xcassets */ = {isa = PBXFileReference; lastKnownFileType = folder.assetcatalog; path = Images.xcassets; sourceTree = "<group>"; };
		6F3A57B418B35AEF000FFF7F /* TouchExplorerTests.xctest */ = {isa = PBXFileReference; explicitFileType = wrapper.cfbundle; includeInIndex = 0; path = TouchExplorerTests.xctest; sourceTree = BUILT_PRODUCTS_DIR; };
		6F3A57B518B35AEF000FFF7F /* XCTest.framework */ = {isa = PBXFileReference; lastKnownFileType = wrapper.framework; name = XCTest.framework; path = Library/Frameworks/XCTest.framework; sourceTree = DEVELOPER_DIR; };
		6F3A57BD18B35AEF000FFF7F /* TouchExplorerTests-Info.plist */ = {isa = PBXFileReference; lastKnownFileType = text.plist.xml; path = "TouchExplorerTests-Info.plist"; sourceTree = "<group>"; };
		6F3A57BF18B35AEF000FFF7F /* en */ = {isa = PBXFileReference; lastKnownFileType = text.plist.strings; name = en; path = en.lproj/InfoPlist.strings; sourceTree = "<group>"; };
		6F3A57C118B35AEF000FFF7F /* TouchExplorerTests.m */ = {isa = PBXFileReference; lastKnownFileType = sourcecode.c.objc; path = TouchExplorerTests.m; sourceTree = "<group>"; };
/* End PBXFileReference section */

/* Begin PBXFrameworksBuildPhase section */
		6F3A579018B35AEF000FFF7F /* Frameworks */ = {
			isa = PBXFrameworksBuildPhase;
			buildActionMask = 2147483647;
			files = (
				6F3A579918B35AEF000FFF7F /* CoreGraphics.framework in Frameworks */,
				6F3A579B18B35AEF000FFF7F /* UIKit.framework in Frameworks */,
				6F3A579718B35AEF000FFF7F /* Foundation.framework in Frameworks */,
			);
			runOnlyForDeploymentPostprocessing = 0;
		};
		6F3A57B118B35AEF000FFF7F /* Frameworks */ = {
			isa = PBXFrameworksBuildPhase;
			buildActionMask = 2147483647;
			files = (
				6F3A57B618B35AEF000FFF7F /* XCTest.framework in Frameworks */,
				6F3A57B818B35AEF000FFF7F /* UIKit.framework in Frameworks */,
				6F3A57B718B35AEF000FFF7F /* Foundation.framework in Frameworks */,
			);
			runOnlyForDeploymentPostprocessing = 0;
		};
/* End PBXFrameworksBuildPhase section */

/* Begin PBXGroup section */
		6F3A578A18B35AEF000FFF7F = {
			isa = PBXGroup;
			children = (
				6F3A579C18B35AEF000FFF7F /* TouchExplorer */,
				6F3A57BB18B35AEF000FFF7F /* TouchExplorerTests */,
				6F3A579518B35AEF000FFF7F /* Frameworks */,
				6F3A579418B35AEF000FFF7F /* Products */,
			);
			sourceTree = "<group>";
		};
		6F3A579418B35AEF000FFF7F /* Products */ = {
			isa = PBXGroup;
			children = (
				6F3A579318B35AEF000FFF7F /* TouchExplorer.app */,
				6F3A57B418B35AEF000FFF7F /* TouchExplorerTests.xctest */,
			);
			name = Products;
			sourceTree = "<group>";
		};
		6F3A579518B35AEF000FFF7F /* Frameworks */ = {
			isa = PBXGroup;
			children = (
				6F3A579618B35AEF000FFF7F /* Foundation.framework */,
				6F3A579818B35AEF000FFF7F /* CoreGraphics.framework */,
				6F3A579A18B35AEF000FFF7F /* UIKit.framework */,
				6F3A57B518B35AEF000FFF7F /* XCTest.framework */,
			);
			name = Frameworks;
			sourceTree = "<group>";
		};
		6F3A579C18B35AEF000FFF7F /* TouchExplorer */ = {
			isa = PBXGroup;
			children = (
				6F3A57A518B35AEF000FFF7F /* AppDelegate.h */,
				6F3A57A618B35AEF000FFF7F /* AppDelegate.m */,
				6F3A57A818B35AEF000FFF7F /* Main.storyboard */,
				6F3A57AB18B35AEF000FFF7F /* ViewController.h */,
				6F3A57AC18B35AEF000FFF7F /* ViewController.m */,
				6F3A57AE18B35AEF000FFF7F /* Images.xcassets */,
				6F3A579D18B35AEF000FFF7F /* Supporting Files */,
			);
			path = TouchExplorer;
			sourceTree = "<group>";
		};
		6F3A579D18B35AEF000FFF7F /* Supporting Files */ = {
			isa = PBXGroup;
			children = (
				6F3A579E18B35AEF000FFF7F /* TouchExplorer-Info.plist */,
				6F3A579F18B35AEF000FFF7F /* InfoPlist.strings */,
				6F3A57A218B35AEF000FFF7F /* main.m */,
				6F3A57A418B35AEF000FFF7F /* TouchExplorer-Prefix.pch */,
			);
			name = "Supporting Files";
			sourceTree = "<group>";
		};
		6F3A57BB18B35AEF000FFF7F /* TouchExplorerTests */ = {
			isa = PBXGroup;
			children = (
				6F3A57C118B35AEF000FFF7F /* TouchExplorerTests.m */,
				6F3A57BC18B35AEF000FFF7F /* Supporting Files */,
			);
			path = TouchExplorerTests;
			sourceTree = "<group>";
		};
		6F3A57BC18B35AEF000FFF7F /* Supporting Files */ = {
			isa = PBXGroup;
			children = (
				6F3A57BD18B35AEF000FFF7F /* TouchExplorerTests-Info.plist */,
				6F3A57BE18B35AEF000FFF7F /* InfoPlist.strings */,
			);
			name = "Supporting Files";
			sourceTree = "<group>";
		};
/* End PBXGroup section */

/* Begin PBXNativeTarget section */
		6F3A579218B35AEF000FFF7F /* TouchExplorer */ = {
			isa = PBXNativeTarget;
			buildConfigurationList = 6F3A57C518B35AEF000FFF7F /* Build configuration list for PBXNativeTarget "TouchExplorer" */;
			buildPhases = (
				6F3A578F18B35AEF000FFF7F /* Sources */,
				6F3A579018B35AEF000FFF7F /* Frameworks */,
				6F3A579118B35AEF000FFF7F /* Resources */,
			);
			buildRules = (
			);
			dependencies = (
			);
			name = TouchExplorer;
			productName = TouchExplorer;
			productReference = 6F3A579318B35AEF000FFF7F /* TouchExplorer.app */;
			productType = "com.apple.product-type.application";
		};
		6F3A57B318B35AEF000FFF7F /* TouchExplorerTests */ = {
			isa = PBXNativeTarget;
			buildConfigurationList = 6F3A57C818B35AEF000FFF7F /* Build configuration list for PBXNativeTarget "TouchExplorerTests" */;
			buildPhases = (
				6F3A57B018B35AEF000FFF7F /* Sources */,
				6F3A57B118B35AEF000FFF7F /* Frameworks */,
				6F3A57B218B35AEF000FFF7F /* Resources */,
			);
			buildRules = (
			);
			dependencies = (
				6F3A57BA18B35AEF000FFF7F /* PBXTargetDependency */,
			);
			name = TouchExplorerTests;
			productName = TouchExplorerTests;
			productReference = 6F3A57B418B35AEF000FFF7F /* TouchExplorerTests.xctest */;
			productType = "com.apple.product-type.bundle.unit-test";
		};
/* End PBXNativeTarget section */

/* Begin PBXProject section */
		6F3A578B18B35AEF000FFF7F /* Project object */ = {
			isa = PBXProject;
			attributes = {
				LastUpgradeCheck = 0500;
				ORGANIZATIONNAME = Harris;
				TargetAttributes = {
					6F3A57B318B35AEF000FFF7F = {
						TestTargetID = 6F3A579218B35AEF000FFF7F;
					};
				};
			};
			buildConfigurationList = 6F3A578E18B35AEF000FFF7F /* Build configuration list for PBXProject "TouchExplorer" */;
			compatibilityVersion = "Xcode 3.2";
			developmentRegion = English;
			hasScannedForEncodings = 0;
			knownRegions = (
				en,
				Base,
			);
			mainGroup = 6F3A578A18B35AEF000FFF7F;
			productRefGroup = 6F3A579418B35AEF000FFF7F /* Products */;
			projectDirPath = "";
			projectRoot = "";
			targets = (
				6F3A579218B35AEF000FFF7F /* TouchExplorer */,
				6F3A57B318B35AEF000FFF7F /* TouchExplorerTests */,
			);
		};
/* End PBXProject section */

/* Begin PBXResourcesBuildPhase section */
		6F3A579118B35AEF000FFF7F /* Resources */ = {
			isa = PBXResourcesBuildPhase;
			buildActionMask = 2147483647;
			files = (
				6F3A57AF18B35AEF000FFF7F /* Images.xcassets in Resources */,
				6F3A57A118B35AEF000FFF7F /* InfoPlist.strings in Resources */,
				6F3A57AA18B35AEF000FFF7F /* Main.storyboard in Resources */,
			);
			runOnlyForDeploymentPostprocessing = 0;
		};
		6F3A57B218B35AEF000FFF7F /* Resources */ = {
			isa = PBXResourcesBuildPhase;
			buildActionMask = 2147483647;
			files = (
				6F3A57C018B35AEF000FFF7F /* InfoPlist.strings in Resources */,
			);
			runOnlyForDeploymentPostprocessing = 0;
		};
/* End PBXResourcesBuildPhase section */

/* Begin PBXSourcesBuildPhase section */
		6F3A578F18B35AEF000FFF7F /* Sources */ = {
			isa = PBXSourcesBuildPhase;
			buildActionMask = 2147483647;
			files = (
				6F3A57AD18B35AEF000FFF7F /* ViewController.m in Sources */,
				6F3A57A718B35AEF000FFF7F /* AppDelegate.m in Sources */,
				6F3A57A318B35AEF000FFF7F /* main.m in Sources */,
			);
			runOnlyForDeploymentPostprocessing = 0;
		};
		6F3A57B018B35AEF000FFF7F /* Sources */ = {
			isa = PBXSourcesBuildPhase;
			buildActionMask = 2147483647;
			files = (
				6F3A57C218B35AEF000FFF7F /* TouchExplorerTests.m in Sources */,
			);
			runOnlyForDeploymentPostprocessing = 0;
		};
/* End PBXSourcesBuildPhase section */

/* Begin PBXTargetDependency section */
		6F3A57BA18B35AEF000FFF7F /* PBXTargetDependency */ = {
			isa = PBXTargetDependency;
			target = 6F3A579218B35AEF000FFF7F /* TouchExplorer */;
			targetProxy = 6F3A57B918B35AEF000FFF7F /* PBXContainerItemProxy */;
		};
/* End PBXTargetDependency section */

/* Begin PBXVariantGroup section */
		6F3A579F18B35AEF000FFF7F /* InfoPlist.strings */ = {
			isa = PBXVariantGroup;
			children = (
				6F3A57A018B35AEF000FFF7F /* en */,
			);
			name = InfoPlist.strings;
			sourceTree = "<group>";
		};
		6F3A57A818B35AEF000FFF7F /* Main.storyboard */ = {
			isa = PBXVariantGroup;
			children = (
				6F3A57A918B35AEF000FFF7F /* Base */,
			);
			name = Main.storyboard;
			sourceTree = "<group>";
		};
		6F3A57BE18B35AEF000FFF7F /* InfoPlist.strings */ = {
			isa = PBXVariantGroup;
			children = (
				6F3A57BF18B35AEF000FFF7F /* en */,
			);
			name = InfoPlist.strings;
			sourceTree = "<group>";
		};
/* End PBXVariantGroup section */

/* Begin XCBuildConfiguration section */
		6F3A57C318B35AEF000FFF7F /* Debug */ = {
			isa = XCBuildConfiguration;
			buildSettings = {
				ALWAYS_SEARCH_USER_PATHS = NO;
				ARCHS = "$(ARCHS_STANDARD_INCLUDING_64_BIT)";
				CLANG_CXX_LANGUAGE_STANDARD = "gnu++0x";
				CLANG_CXX_LIBRARY = "libc++";
				CLANG_ENABLE_MODULES = YES;
				CLANG_ENABLE_OBJC_ARC = YES;
				CLANG_WARN_BOOL_CONVERSION = YES;
				CLANG_WARN_CONSTANT_CONVERSION = YES;
				CLANG_WARN_DIRECT_OBJC_ISA_USAGE = YES_ERROR;
				CLANG_WARN_EMPTY_BODY = YES;
				CLANG_WARN_ENUM_CONVERSION = YES;
				CLANG_WARN_INT_CONVERSION = YES;
				CLANG_WARN_OBJC_ROOT_CLASS = YES_ERROR;
				CLANG_WARN__DUPLICATE_METHOD_MATCH = YES;
				"CODE_SIGN_IDENTITY[sdk=iphoneos*]" = "iPhone Developer";
				COPY_PHASE_STRIP = NO;
				GCC_C_LANGUAGE_STANDARD = gnu99;
				GCC_DYNAMIC_NO_PIC = NO;
				GCC_OPTIMIZATION_LEVEL = 0;
				GCC_PREPROCESSOR_DEFINITIONS = (
					"DEBUG=1",
					"$(inherited)",
				);
				GCC_SYMBOLS_PRIVATE_EXTERN = NO;
				GCC_WARN_64_TO_32_BIT_CONVERSION = YES;
				GCC_WARN_ABOUT_RETURN_TYPE = YES_ERROR;
				GCC_WARN_UNDECLARED_SELECTOR = YES;
				GCC_WARN_UNINITIALIZED_AUTOS = YES;
				GCC_WARN_UNUSED_FUNCTION = YES;
				GCC_WARN_UNUSED_VARIABLE = YES;
				IPHONEOS_DEPLOYMENT_TARGET = 7.0;
				ONLY_ACTIVE_ARCH = YES;
				SDKROOT = iphoneos;
			};
			name = Debug;
		};
		6F3A57C418B35AEF000FFF7F /* Release */ = {
			isa = XCBuildConfiguration;
			buildSettings = {
				ALWAYS_SEARCH_USER_PATHS = NO;
				ARCHS = "$(ARCHS_STANDARD_INCLUDING_64_BIT)";
				CLANG_CXX_LANGUAGE_STANDARD = "gnu++0x";
				CLANG_CXX_LIBRARY = "libc++";
				CLANG_ENABLE_MODULES = YES;
				CLANG_ENABLE_OBJC_ARC = YES;
				CLANG_WARN_BOOL_CONVERSION = YES;
				CLANG_WARN_CONSTANT_CONVERSION = YES;
				CLANG_WARN_DIRECT_OBJC_ISA_USAGE = YES_ERROR;
				CLANG_WARN_EMPTY_BODY = YES;
				CLANG_WARN_ENUM_CONVERSION = YES;
				CLANG_WARN_INT_CONVERSION = YES;
				CLANG_WARN_OBJC_ROOT_CLASS = YES_ERROR;
				CLANG_WARN__DUPLICATE_METHOD_MATCH = YES;
				"CODE_SIGN_IDENTITY[sdk=iphoneos*]" = "iPhone Developer";
				COPY_PHASE_STRIP = YES;
				ENABLE_NS_ASSERTIONS = NO;
				GCC_C_LANGUAGE_STANDARD = gnu99;
				GCC_WARN_64_TO_32_BIT_CONVERSION = YES;
				GCC_WARN_ABOUT_RETURN_TYPE = YES_ERROR;
				GCC_WARN_UNDECLARED_SELECTOR = YES;
				GCC_WARN_UNINITIALIZED_AUTOS = YES;
				GCC_WARN_UNUSED_FUNCTION = YES;
				GCC_WARN_UNUSED_VARIABLE = YES;
				IPHONEOS_DEPLOYMENT_TARGET = 7.0;
				SDKROOT = iphoneos;
				VALIDATE_PRODUCT = YES;
			};
			name = Release;
		};
		6F3A57C618B35AEF000FFF7F /* Debug */ = {
			isa = XCBuildConfiguration;
			buildSettings = {
				ASSETCATALOG_COMPILER_APPICON_NAME = AppIcon;
				ASSETCATALOG_COMPILER_LAUNCHIMAGE_NAME = LaunchImage;
				GCC_PRECOMPILE_PREFIX_HEADER = YES;
				GCC_PREFIX_HEADER = "TouchExplorer/TouchExplorer-Prefix.pch";
				INFOPLIST_FILE = "TouchExplorer/TouchExplorer-Info.plist";
				PRODUCT_NAME = "$(TARGET_NAME)";
				WRAPPER_EXTENSION = app;
			};
			name = Debug;
		};
		6F3A57C718B35AEF000FFF7F /* Release */ = {
			isa = XCBuildConfiguration;
			buildSettings = {
				ASSETCATALOG_COMPILER_APPICON_NAME = AppIcon;
				ASSETCATALOG_COMPILER_LAUNCHIMAGE_NAME = LaunchImage;
				GCC_PRECOMPILE_PREFIX_HEADER = YES;
				GCC_PREFIX_HEADER = "TouchExplorer/TouchExplorer-Prefix.pch";
				INFOPLIST_FILE = "TouchExplorer/TouchExplorer-Info.plist";
				PRODUCT_NAME = "$(TARGET_NAME)";
				WRAPPER_EXTENSION = app;
			};
			name = Release;
		};
		6F3A57C918B35AEF000FFF7F /* Debug */ = {
			isa = XCBuildConfiguration;
			buildSettings = {
				ARCHS = "$(ARCHS_STANDARD_INCLUDING_64_BIT)";
				BUNDLE_LOADER = "$(BUILT_PRODUCTS_DIR)/TouchExplorer.app/TouchExplorer";
				FRAMEWORK_SEARCH_PATHS = (
					"$(SDKROOT)/Developer/Library/Frameworks",
					"$(inherited)",
					"$(DEVELOPER_FRAMEWORKS_DIR)",
				);
				GCC_PRECOMPILE_PREFIX_HEADER = YES;
				GCC_PREFIX_HEADER = "TouchExplorer/TouchExplorer-Prefix.pch";
				GCC_PREPROCESSOR_DEFINITIONS = (
					"DEBUG=1",
					"$(inherited)",
				);
				INFOPLIST_FILE = "TouchExplorerTests/TouchExplorerTests-Info.plist";
				PRODUCT_NAME = "$(TARGET_NAME)";
				TEST_HOST = "$(BUNDLE_LOADER)";
				WRAPPER_EXTENSION = xctest;
			};
			name = Debug;
		};
		6F3A57CA18B35AEF000FFF7F /* Release */ = {
			isa = XCBuildConfiguration;
			buildSettings = {
				ARCHS = "$(ARCHS_STANDARD_INCLUDING_64_BIT)";
				BUNDLE_LOADER = "$(BUILT_PRODUCTS_DIR)/TouchExplorer.app/TouchExplorer";
				FRAMEWORK_SEARCH_PATHS = (
					"$(SDKROOT)/Developer/Library/Frameworks",
					"$(inherited)",
					"$(DEVELOPER_FRAMEWORKS_DIR)",
				);
				GCC_PRECOMPILE_PREFIX_HEADER = YES;
				GCC_PREFIX_HEADER = "TouchExplorer/TouchExplorer-Prefix.pch";
				INFOPLIST_FILE = "TouchExplorerTests/TouchExplorerTests-Info.plist";
				PRODUCT_NAME = "$(TARGET_NAME)";
				TEST_HOST = "$(BUNDLE_LOADER)";
				WRAPPER_EXTENSION = xctest;
			};
			name = Release;
		};
/* End XCBuildConfiguration section */

/* Begin XCConfigurationList section */
		6F3A578E18B35AEF000FFF7F /* Build configuration list for PBXProject "TouchExplorer" */ = {
			isa = XCConfigurationList;
			buildConfigurations = (
				6F3A57C318B35AEF000FFF7F /* Debug */,
				6F3A57C418B35AEF000FFF7F /* Release */,
			);
			defaultConfigurationIsVisible = 0;
			defaultConfigurationName = Release;
		};
		6F3A57C518B35AEF000FFF7F /* Build configuration list for PBXNativeTarget "TouchExplorer" */ = {
			isa = XCConfigurationList;
			buildConfigurations = (
				6F3A57C618B35AEF000FFF7F /* Debug */,
				6F3A57C718B35AEF000FFF7F /* Release */,
			);
			defaultConfigurationIsVisible = 0;
		};
		6F3A57C818B35AEF000FFF7F /* Build configuration list for PBXNativeTarget "TouchExplorerTests" */ = {
			isa = XCConfigurationList;
			buildConfigurations = (
				6F3A57C918B35AEF000FFF7F /* Debug */,
				6F3A57CA18B35AEF000FFF7F /* Release */,
			);
			defaultConfigurationIsVisible = 0;
		};
/* End XCConfigurationList section */
	};
	rootObject = 6F3A578B18B35AEF000FFF7F /* Project object */;
}
